// !$*UTF8*$!
{
	archiveVersion = 1;
	classes = {
	};
	objectVersion = 52;
	objects = {

/* Begin PBXBuildFile section */
		32354917274EF6410065415F /* FirebaseAppDistribution-Beta in Frameworks */ = {isa = PBXBuildFile; productRef = 32354916274EF6410065415F /* FirebaseAppDistribution-Beta */; };
		32354919274EF6410065415F /* FirebaseInAppMessaging-Beta in Frameworks */ = {isa = PBXBuildFile; productRef = 32354918274EF6410065415F /* FirebaseInAppMessaging-Beta */; };
		3235491B274EF6410065415F /* FirebaseAnalyticsSwift-Beta in Frameworks */ = {isa = PBXBuildFile; productRef = 3235491A274EF6410065415F /* FirebaseAnalyticsSwift-Beta */; };
		3235491D274EF6410065415F /* FirebaseAnalyticsWithoutAdIdSupport in Frameworks */ = {isa = PBXBuildFile; productRef = 3235491C274EF6410065415F /* FirebaseAnalyticsWithoutAdIdSupport */; };
		3235491F274EF6410065415F /* FirebaseFirestore in Frameworks */ = {isa = PBXBuildFile; productRef = 3235491E274EF6410065415F /* FirebaseFirestore */; };
		32354921274EF6410065415F /* FirebaseAuthCombine-Community in Frameworks */ = {isa = PBXBuildFile; productRef = 32354920274EF6410065415F /* FirebaseAuthCombine-Community */; };
		32354923274EF6410065415F /* FirebaseInstallations in Frameworks */ = {isa = PBXBuildFile; productRef = 32354922274EF6410065415F /* FirebaseInstallations */; };
		32354925274EF6410065415F /* FirebaseFunctionsCombine-Community in Frameworks */ = {isa = PBXBuildFile; productRef = 32354924274EF6410065415F /* FirebaseFunctionsCombine-Community */; };
		32354927274EF6410065415F /* FirebaseFirestoreSwift-Beta in Frameworks */ = {isa = PBXBuildFile; productRef = 32354926274EF6410065415F /* FirebaseFirestoreSwift-Beta */; };
		32354929274EF6410065415F /* FirebaseAnalytics in Frameworks */ = {isa = PBXBuildFile; productRef = 32354928274EF6410065415F /* FirebaseAnalytics */; };
		3235492B274EF6410065415F /* FirebaseDatabase in Frameworks */ = {isa = PBXBuildFile; productRef = 3235492A274EF6410065415F /* FirebaseDatabase */; };
		3235492D274EF6410065415F /* FirebasePerformance in Frameworks */ = {isa = PBXBuildFile; productRef = 3235492C274EF6410065415F /* FirebasePerformance */; };
		3235492F274EF6410065415F /* FirebaseRemoteConfig in Frameworks */ = {isa = PBXBuildFile; productRef = 3235492E274EF6410065415F /* FirebaseRemoteConfig */; };
		32354931274EF6410065415F /* FirebaseAppCheck in Frameworks */ = {isa = PBXBuildFile; productRef = 32354930274EF6410065415F /* FirebaseAppCheck */; };
		32354933274EF6410065415F /* FirebaseStorageCombine-Community in Frameworks */ = {isa = PBXBuildFile; productRef = 32354932274EF6410065415F /* FirebaseStorageCombine-Community */; };
		32354935274EF6410065415F /* FirebaseAuth in Frameworks */ = {isa = PBXBuildFile; productRef = 32354934274EF6410065415F /* FirebaseAuth */; };
		32354937274EF6410065415F /* FirebaseInAppMessagingSwift-Beta in Frameworks */ = {isa = PBXBuildFile; productRef = 32354936274EF6410065415F /* FirebaseInAppMessagingSwift-Beta */; };
		32354939274EF6410065415F /* FirebaseDatabaseSwift-Beta in Frameworks */ = {isa = PBXBuildFile; productRef = 32354938274EF6410065415F /* FirebaseDatabaseSwift-Beta */; };
		3235493B274EF6410065415F /* FirebaseStorageSwift-Beta in Frameworks */ = {isa = PBXBuildFile; productRef = 3235493A274EF6410065415F /* FirebaseStorageSwift-Beta */; };
		3235493D274EF6410065415F /* FirebaseMLModelDownloader in Frameworks */ = {isa = PBXBuildFile; productRef = 3235493C274EF6410065415F /* FirebaseMLModelDownloader */; };
		3235493F274EF6410065415F /* FirebaseCrashlytics in Frameworks */ = {isa = PBXBuildFile; productRef = 3235493E274EF6410065415F /* FirebaseCrashlytics */; };
		32354941274EF6410065415F /* FirebaseMessaging in Frameworks */ = {isa = PBXBuildFile; productRef = 32354940274EF6410065415F /* FirebaseMessaging */; };
		32354943274EF6410065415F /* FirebaseStorage in Frameworks */ = {isa = PBXBuildFile; productRef = 32354942274EF6410065415F /* FirebaseStorage */; };
		32354945274EF6410065415F /* FirebaseDynamicLinks in Frameworks */ = {isa = PBXBuildFile; productRef = 32354944274EF6410065415F /* FirebaseDynamicLinks */; };
		32354947274EF6410065415F /* FirebaseFunctions in Frameworks */ = {isa = PBXBuildFile; productRef = 32354946274EF6410065415F /* FirebaseFunctions */; };
		32354949274EF6410065415F /* FirebaseFirestoreCombine-Community in Frameworks */ = {isa = PBXBuildFile; productRef = 32354948274EF6410065415F /* FirebaseFirestoreCombine-Community */; };
		325FD9312747A4FB00A5B33C /* GoogleService-Info.plist in Resources */ = {isa = PBXBuildFile; fileRef = 325FD9302747A4FB00A5B33C /* GoogleService-Info.plist */; };
		325FD9322747A4FB00A5B33C /* GoogleService-Info.plist in Resources */ = {isa = PBXBuildFile; fileRef = 325FD9302747A4FB00A5B33C /* GoogleService-Info.plist */; };
		32F3C3652733F021005543AA /* WorkExperienceApp.swift in Sources */ = {isa = PBXBuildFile; fileRef = 32F3C3522733F01F005543AA /* WorkExperienceApp.swift */; };
		32F3C3662733F021005543AA /* WorkExperienceApp.swift in Sources */ = {isa = PBXBuildFile; fileRef = 32F3C3522733F01F005543AA /* WorkExperienceApp.swift */; };
		32F3C3672733F021005543AA /* ContentView.swift in Sources */ = {isa = PBXBuildFile; fileRef = 32F3C3532733F01F005543AA /* ContentView.swift */; };
		32F3C3682733F021005543AA /* ContentView.swift in Sources */ = {isa = PBXBuildFile; fileRef = 32F3C3532733F01F005543AA /* ContentView.swift */; };
		32F3C3692733F021005543AA /* Assets.xcassets in Resources */ = {isa = PBXBuildFile; fileRef = 32F3C3542733F021005543AA /* Assets.xcassets */; };
		32F3C36A2733F021005543AA /* Assets.xcassets in Resources */ = {isa = PBXBuildFile; fileRef = 32F3C3542733F021005543AA /* Assets.xcassets */; };
		32F3C3782733F26E005543AA /* User.swift in Sources */ = {isa = PBXBuildFile; fileRef = 32F3C3772733F26E005543AA /* User.swift */; };
		32F3C3792733F26E005543AA /* User.swift in Sources */ = {isa = PBXBuildFile; fileRef = 32F3C3772733F26E005543AA /* User.swift */; };
		32F3C38B2733F402005543AA /* Topic.swift in Sources */ = {isa = PBXBuildFile; fileRef = 32F3C38A2733F402005543AA /* Topic.swift */; };
		32F3C38C2733F402005543AA /* Topic.swift in Sources */ = {isa = PBXBuildFile; fileRef = 32F3C38A2733F402005543AA /* Topic.swift */; };
		32F3C3902733F43D005543AA /* Conversation.swift in Sources */ = {isa = PBXBuildFile; fileRef = 32F3C38F2733F43D005543AA /* Conversation.swift */; };
		32F3C3912733F43D005543AA /* Conversation.swift in Sources */ = {isa = PBXBuildFile; fileRef = 32F3C38F2733F43D005543AA /* Conversation.swift */; };
		32F3C3952733F674005543AA /* Placement.swift in Sources */ = {isa = PBXBuildFile; fileRef = 32F3C3942733F674005543AA /* Placement.swift */; };
		32F3C3962733F674005543AA /* Placement.swift in Sources */ = {isa = PBXBuildFile; fileRef = 32F3C3942733F674005543AA /* Placement.swift */; };
/* End PBXBuildFile section */

/* Begin PBXFileReference section */
		325FD9302747A4FB00A5B33C /* GoogleService-Info.plist */ = {isa = PBXFileReference; fileEncoding = 4; lastKnownFileType = text.plist.xml; path = "GoogleService-Info.plist"; sourceTree = "<group>"; };
		32F3C3522733F01F005543AA /* WorkExperienceApp.swift */ = {isa = PBXFileReference; lastKnownFileType = sourcecode.swift; path = WorkExperienceApp.swift; sourceTree = "<group>"; };
		32F3C3532733F01F005543AA /* ContentView.swift */ = {isa = PBXFileReference; lastKnownFileType = sourcecode.swift; path = ContentView.swift; sourceTree = "<group>"; };
		32F3C3542733F021005543AA /* Assets.xcassets */ = {isa = PBXFileReference; lastKnownFileType = folder.assetcatalog; path = Assets.xcassets; sourceTree = "<group>"; };
		32F3C3592733F021005543AA /* WorkExperience.app */ = {isa = PBXFileReference; explicitFileType = wrapper.application; includeInIndex = 0; path = WorkExperience.app; sourceTree = BUILT_PRODUCTS_DIR; };
		32F3C35C2733F021005543AA /* Info.plist */ = {isa = PBXFileReference; lastKnownFileType = text.plist.xml; path = Info.plist; sourceTree = "<group>"; };
		32F3C3612733F021005543AA /* WorkExperience.app */ = {isa = PBXFileReference; explicitFileType = wrapper.application; includeInIndex = 0; path = WorkExperience.app; sourceTree = BUILT_PRODUCTS_DIR; };
		32F3C3632733F021005543AA /* Info.plist */ = {isa = PBXFileReference; lastKnownFileType = text.plist.xml; path = Info.plist; sourceTree = "<group>"; };
		32F3C3642733F021005543AA /* macOS.entitlements */ = {isa = PBXFileReference; lastKnownFileType = text.plist.entitlements; path = macOS.entitlements; sourceTree = "<group>"; };
		32F3C3772733F26E005543AA /* User.swift */ = {isa = PBXFileReference; lastKnownFileType = sourcecode.swift; path = User.swift; sourceTree = "<group>"; };
		32F3C38A2733F402005543AA /* Topic.swift */ = {isa = PBXFileReference; lastKnownFileType = sourcecode.swift; path = Topic.swift; sourceTree = "<group>"; };
		32F3C38F2733F43D005543AA /* Conversation.swift */ = {isa = PBXFileReference; lastKnownFileType = sourcecode.swift; path = Conversation.swift; sourceTree = "<group>"; };
		32F3C3942733F674005543AA /* Placement.swift */ = {isa = PBXFileReference; lastKnownFileType = sourcecode.swift; path = Placement.swift; sourceTree = "<group>"; };
/* End PBXFileReference section */

/* Begin PBXFrameworksBuildPhase section */
		32F3C3562733F021005543AA /* Frameworks */ = {
			isa = PBXFrameworksBuildPhase;
			buildActionMask = 2147483647;
			files = (
				3235491B274EF6410065415F /* FirebaseAnalyticsSwift-Beta in Frameworks */,
				3235493B274EF6410065415F /* FirebaseStorageSwift-Beta in Frameworks */,
				32354937274EF6410065415F /* FirebaseInAppMessagingSwift-Beta in Frameworks */,
				3235493F274EF6410065415F /* FirebaseCrashlytics in Frameworks */,
				32354923274EF6410065415F /* FirebaseInstallations in Frameworks */,
				3235492D274EF6410065415F /* FirebasePerformance in Frameworks */,
				32354921274EF6410065415F /* FirebaseAuthCombine-Community in Frameworks */,
				32354931274EF6410065415F /* FirebaseAppCheck in Frameworks */,
				3235493D274EF6410065415F /* FirebaseMLModelDownloader in Frameworks */,
				32354939274EF6410065415F /* FirebaseDatabaseSwift-Beta in Frameworks */,
				32354917274EF6410065415F /* FirebaseAppDistribution-Beta in Frameworks */,
				32354945274EF6410065415F /* FirebaseDynamicLinks in Frameworks */,
				32354943274EF6410065415F /* FirebaseStorage in Frameworks */,
				32354949274EF6410065415F /* FirebaseFirestoreCombine-Community in Frameworks */,
				32354919274EF6410065415F /* FirebaseInAppMessaging-Beta in Frameworks */,
				32354933274EF6410065415F /* FirebaseStorageCombine-Community in Frameworks */,
				3235491F274EF6410065415F /* FirebaseFirestore in Frameworks */,
				32354927274EF6410065415F /* FirebaseFirestoreSwift-Beta in Frameworks */,
				32354947274EF6410065415F /* FirebaseFunctions in Frameworks */,
				3235491D274EF6410065415F /* FirebaseAnalyticsWithoutAdIdSupport in Frameworks */,
				3235492B274EF6410065415F /* FirebaseDatabase in Frameworks */,
				3235492F274EF6410065415F /* FirebaseRemoteConfig in Frameworks */,
				32354929274EF6410065415F /* FirebaseAnalytics in Frameworks */,
				32354925274EF6410065415F /* FirebaseFunctionsCombine-Community in Frameworks */,
				32354941274EF6410065415F /* FirebaseMessaging in Frameworks */,
				32354935274EF6410065415F /* FirebaseAuth in Frameworks */,
			);
			runOnlyForDeploymentPostprocessing = 0;
		};
		32F3C35E2733F021005543AA /* Frameworks */ = {
			isa = PBXFrameworksBuildPhase;
			buildActionMask = 2147483647;
			files = (
			);
			runOnlyForDeploymentPostprocessing = 0;
		};
/* End PBXFrameworksBuildPhase section */

/* Begin PBXGroup section */
		32F3C34C2733F01F005543AA = {
			isa = PBXGroup;
			children = (
				325FD9302747A4FB00A5B33C /* GoogleService-Info.plist */,
				32F3C3512733F01F005543AA /* Shared */,
				32F3C35B2733F021005543AA /* iOS */,
				32F3C3622733F021005543AA /* macOS */,
				32F3C35A2733F021005543AA /* Products */,
			);
			sourceTree = "<group>";
		};
		32F3C3512733F01F005543AA /* Shared */ = {
			isa = PBXGroup;
			children = (
				32F3C3522733F01F005543AA /* WorkExperienceApp.swift */,
				32F3C3762733F22E005543AA /* Data */,
				32F3C3752733F224005543AA /* Views */,
				32F3C3542733F021005543AA /* Assets.xcassets */,
			);
			path = Shared;
			sourceTree = "<group>";
		};
		32F3C35A2733F021005543AA /* Products */ = {
			isa = PBXGroup;
			children = (
				32F3C3592733F021005543AA /* WorkExperience.app */,
				32F3C3612733F021005543AA /* WorkExperience.app */,
			);
			name = Products;
			sourceTree = "<group>";
		};
		32F3C35B2733F021005543AA /* iOS */ = {
			isa = PBXGroup;
			children = (
				32F3C35C2733F021005543AA /* Info.plist */,
			);
			path = iOS;
			sourceTree = "<group>";
		};
		32F3C3622733F021005543AA /* macOS */ = {
			isa = PBXGroup;
			children = (
				32F3C3632733F021005543AA /* Info.plist */,
				32F3C3642733F021005543AA /* macOS.entitlements */,
			);
			path = macOS;
			sourceTree = "<group>";
		};
		32F3C3752733F224005543AA /* Views */ = {
			isa = PBXGroup;
			children = (
				32F3C3532733F01F005543AA /* ContentView.swift */,
			);
			path = Views;
			sourceTree = "<group>";
		};
		32F3C3762733F22E005543AA /* Data */ = {
			isa = PBXGroup;
			children = (
				32F3C3772733F26E005543AA /* User.swift */,
				32F3C38A2733F402005543AA /* Topic.swift */,
				32F3C3942733F674005543AA /* Placement.swift */,
				32F3C38F2733F43D005543AA /* Conversation.swift */,
			);
			path = Data;
			sourceTree = "<group>";
		};
/* End PBXGroup section */

/* Begin PBXNativeTarget section */
		32F3C3582733F021005543AA /* WorkExperience (iOS) */ = {
			isa = PBXNativeTarget;
			buildConfigurationList = 32F3C36D2733F021005543AA /* Build configuration list for PBXNativeTarget "WorkExperience (iOS)" */;
			buildPhases = (
				32F3C3552733F021005543AA /* Sources */,
				32F3C3562733F021005543AA /* Frameworks */,
				32F3C3572733F021005543AA /* Resources */,
			);
			buildRules = (
			);
			dependencies = (
			);
			name = "WorkExperience (iOS)";
			packageProductDependencies = (
				32354916274EF6410065415F /* FirebaseAppDistribution-Beta */,
				32354918274EF6410065415F /* FirebaseInAppMessaging-Beta */,
				3235491A274EF6410065415F /* FirebaseAnalyticsSwift-Beta */,
				3235491C274EF6410065415F /* FirebaseAnalyticsWithoutAdIdSupport */,
				3235491E274EF6410065415F /* FirebaseFirestore */,
				32354920274EF6410065415F /* FirebaseAuthCombine-Community */,
				32354922274EF6410065415F /* FirebaseInstallations */,
				32354924274EF6410065415F /* FirebaseFunctionsCombine-Community */,
				32354926274EF6410065415F /* FirebaseFirestoreSwift-Beta */,
				32354928274EF6410065415F /* FirebaseAnalytics */,
				3235492A274EF6410065415F /* FirebaseDatabase */,
				3235492C274EF6410065415F /* FirebasePerformance */,
				3235492E274EF6410065415F /* FirebaseRemoteConfig */,
				32354930274EF6410065415F /* FirebaseAppCheck */,
				32354932274EF6410065415F /* FirebaseStorageCombine-Community */,
				32354934274EF6410065415F /* FirebaseAuth */,
				32354936274EF6410065415F /* FirebaseInAppMessagingSwift-Beta */,
				32354938274EF6410065415F /* FirebaseDatabaseSwift-Beta */,
				3235493A274EF6410065415F /* FirebaseStorageSwift-Beta */,
				3235493C274EF6410065415F /* FirebaseMLModelDownloader */,
				3235493E274EF6410065415F /* FirebaseCrashlytics */,
				32354940274EF6410065415F /* FirebaseMessaging */,
				32354942274EF6410065415F /* FirebaseStorage */,
				32354944274EF6410065415F /* FirebaseDynamicLinks */,
				32354946274EF6410065415F /* FirebaseFunctions */,
				32354948274EF6410065415F /* FirebaseFirestoreCombine-Community */,
			);
			productName = "WorkExperience (iOS)";
			productReference = 32F3C3592733F021005543AA /* WorkExperience.app */;
			productType = "com.apple.product-type.application";
		};
		32F3C3602733F021005543AA /* WorkExperience (macOS) */ = {
			isa = PBXNativeTarget;
			buildConfigurationList = 32F3C3702733F021005543AA /* Build configuration list for PBXNativeTarget "WorkExperience (macOS)" */;
			buildPhases = (
				32F3C35D2733F021005543AA /* Sources */,
				32F3C35E2733F021005543AA /* Frameworks */,
				32F3C35F2733F021005543AA /* Resources */,
			);
			buildRules = (
			);
			dependencies = (
			);
			name = "WorkExperience (macOS)";
			productName = "WorkExperience (macOS)";
			productReference = 32F3C3612733F021005543AA /* WorkExperience.app */;
			productType = "com.apple.product-type.application";
		};
/* End PBXNativeTarget section */

/* Begin PBXProject section */
		32F3C34D2733F01F005543AA /* Project object */ = {
			isa = PBXProject;
			attributes = {
				LastSwiftUpdateCheck = 1240;
				LastUpgradeCheck = 1240;
				TargetAttributes = {
					32F3C3582733F021005543AA = {
						CreatedOnToolsVersion = 12.4;
					};
					32F3C3602733F021005543AA = {
						CreatedOnToolsVersion = 12.4;
					};
				};
			};
			buildConfigurationList = 32F3C3502733F01F005543AA /* Build configuration list for PBXProject "WorkExperience" */;
			compatibilityVersion = "Xcode 9.3";
			developmentRegion = en;
			hasScannedForEncodings = 0;
			knownRegions = (
				en,
				Base,
			);
			mainGroup = 32F3C34C2733F01F005543AA;
			packageReferences = (
				32354915274EF6410065415F /* XCRemoteSwiftPackageReference "firebase-ios-sdk" */,
			);
			productRefGroup = 32F3C35A2733F021005543AA /* Products */;
			projectDirPath = "";
			projectRoot = "";
			targets = (
				32F3C3582733F021005543AA /* WorkExperience (iOS) */,
				32F3C3602733F021005543AA /* WorkExperience (macOS) */,
			);
		};
/* End PBXProject section */

/* Begin PBXResourcesBuildPhase section */
		32F3C3572733F021005543AA /* Resources */ = {
			isa = PBXResourcesBuildPhase;
			buildActionMask = 2147483647;
			files = (
				32F3C3692733F021005543AA /* Assets.xcassets in Resources */,
				325FD9312747A4FB00A5B33C /* GoogleService-Info.plist in Resources */,
			);
			runOnlyForDeploymentPostprocessing = 0;
		};
		32F3C35F2733F021005543AA /* Resources */ = {
			isa = PBXResourcesBuildPhase;
			buildActionMask = 2147483647;
			files = (
				32F3C36A2733F021005543AA /* Assets.xcassets in Resources */,
				325FD9322747A4FB00A5B33C /* GoogleService-Info.plist in Resources */,
			);
			runOnlyForDeploymentPostprocessing = 0;
		};
/* End PBXResourcesBuildPhase section */

/* Begin PBXSourcesBuildPhase section */
		32F3C3552733F021005543AA /* Sources */ = {
			isa = PBXSourcesBuildPhase;
			buildActionMask = 2147483647;
			files = (
				32F3C3672733F021005543AA /* ContentView.swift in Sources */,
				32F3C38B2733F402005543AA /* Topic.swift in Sources */,
				32F3C3652733F021005543AA /* WorkExperienceApp.swift in Sources */,
				32F3C3952733F674005543AA /* Placement.swift in Sources */,
				32F3C3902733F43D005543AA /* Conversation.swift in Sources */,
				32F3C3782733F26E005543AA /* User.swift in Sources */,
			);
			runOnlyForDeploymentPostprocessing = 0;
		};
		32F3C35D2733F021005543AA /* Sources */ = {
			isa = PBXSourcesBuildPhase;
			buildActionMask = 2147483647;
			files = (
				32F3C3682733F021005543AA /* ContentView.swift in Sources */,
				32F3C38C2733F402005543AA /* Topic.swift in Sources */,
				32F3C3662733F021005543AA /* WorkExperienceApp.swift in Sources */,
				32F3C3962733F674005543AA /* Placement.swift in Sources */,
				32F3C3912733F43D005543AA /* Conversation.swift in Sources */,
				32F3C3792733F26E005543AA /* User.swift in Sources */,
			);
			runOnlyForDeploymentPostprocessing = 0;
		};
/* End PBXSourcesBuildPhase section */

/* Begin XCBuildConfiguration section */
		32F3C36B2733F021005543AA /* Debug */ = {
			isa = XCBuildConfiguration;
			buildSettings = {
				ALWAYS_SEARCH_USER_PATHS = NO;
				CLANG_ANALYZER_NONNULL = YES;
				CLANG_ANALYZER_NUMBER_OBJECT_CONVERSION = YES_AGGRESSIVE;
				CLANG_CXX_LANGUAGE_STANDARD = "gnu++14";
				CLANG_CXX_LIBRARY = "libc++";
				CLANG_ENABLE_MODULES = YES;
				CLANG_ENABLE_OBJC_ARC = YES;
				CLANG_ENABLE_OBJC_WEAK = YES;
				CLANG_WARN_BLOCK_CAPTURE_AUTORELEASING = YES;
				CLANG_WARN_BOOL_CONVERSION = YES;
				CLANG_WARN_COMMA = YES;
				CLANG_WARN_CONSTANT_CONVERSION = YES;
				CLANG_WARN_DEPRECATED_OBJC_IMPLEMENTATIONS = YES;
				CLANG_WARN_DIRECT_OBJC_ISA_USAGE = YES_ERROR;
				CLANG_WARN_DOCUMENTATION_COMMENTS = YES;
				CLANG_WARN_EMPTY_BODY = YES;
				CLANG_WARN_ENUM_CONVERSION = YES;
				CLANG_WARN_INFINITE_RECURSION = YES;
				CLANG_WARN_INT_CONVERSION = YES;
				CLANG_WARN_NON_LITERAL_NULL_CONVERSION = YES;
				CLANG_WARN_OBJC_IMPLICIT_RETAIN_SELF = YES;
				CLANG_WARN_OBJC_LITERAL_CONVERSION = YES;
				CLANG_WARN_OBJC_ROOT_CLASS = YES_ERROR;
				CLANG_WARN_QUOTED_INCLUDE_IN_FRAMEWORK_HEADER = YES;
				CLANG_WARN_RANGE_LOOP_ANALYSIS = YES;
				CLANG_WARN_STRICT_PROTOTYPES = YES;
				CLANG_WARN_SUSPICIOUS_MOVE = YES;
				CLANG_WARN_UNGUARDED_AVAILABILITY = YES_AGGRESSIVE;
				CLANG_WARN_UNREACHABLE_CODE = YES;
				CLANG_WARN__DUPLICATE_METHOD_MATCH = YES;
				COPY_PHASE_STRIP = NO;
				DEBUG_INFORMATION_FORMAT = dwarf;
				ENABLE_STRICT_OBJC_MSGSEND = YES;
				ENABLE_TESTABILITY = YES;
				GCC_C_LANGUAGE_STANDARD = gnu11;
				GCC_DYNAMIC_NO_PIC = NO;
				GCC_NO_COMMON_BLOCKS = YES;
				GCC_OPTIMIZATION_LEVEL = 0;
				GCC_PREPROCESSOR_DEFINITIONS = (
					"DEBUG=1",
					"$(inherited)",
				);
				GCC_WARN_64_TO_32_BIT_CONVERSION = YES;
				GCC_WARN_ABOUT_RETURN_TYPE = YES_ERROR;
				GCC_WARN_UNDECLARED_SELECTOR = YES;
				GCC_WARN_UNINITIALIZED_AUTOS = YES_AGGRESSIVE;
				GCC_WARN_UNUSED_FUNCTION = YES;
				GCC_WARN_UNUSED_VARIABLE = YES;
				MTL_ENABLE_DEBUG_INFO = INCLUDE_SOURCE;
				MTL_FAST_MATH = YES;
				ONLY_ACTIVE_ARCH = YES;
				SWIFT_ACTIVE_COMPILATION_CONDITIONS = DEBUG;
				SWIFT_OPTIMIZATION_LEVEL = "-Onone";
			};
			name = Debug;
		};
		32F3C36C2733F021005543AA /* Release */ = {
			isa = XCBuildConfiguration;
			buildSettings = {
				ALWAYS_SEARCH_USER_PATHS = NO;
				CLANG_ANALYZER_NONNULL = YES;
				CLANG_ANALYZER_NUMBER_OBJECT_CONVERSION = YES_AGGRESSIVE;
				CLANG_CXX_LANGUAGE_STANDARD = "gnu++14";
				CLANG_CXX_LIBRARY = "libc++";
				CLANG_ENABLE_MODULES = YES;
				CLANG_ENABLE_OBJC_ARC = YES;
				CLANG_ENABLE_OBJC_WEAK = YES;
				CLANG_WARN_BLOCK_CAPTURE_AUTORELEASING = YES;
				CLANG_WARN_BOOL_CONVERSION = YES;
				CLANG_WARN_COMMA = YES;
				CLANG_WARN_CONSTANT_CONVERSION = YES;
				CLANG_WARN_DEPRECATED_OBJC_IMPLEMENTATIONS = YES;
				CLANG_WARN_DIRECT_OBJC_ISA_USAGE = YES_ERROR;
				CLANG_WARN_DOCUMENTATION_COMMENTS = YES;
				CLANG_WARN_EMPTY_BODY = YES;
				CLANG_WARN_ENUM_CONVERSION = YES;
				CLANG_WARN_INFINITE_RECURSION = YES;
				CLANG_WARN_INT_CONVERSION = YES;
				CLANG_WARN_NON_LITERAL_NULL_CONVERSION = YES;
				CLANG_WARN_OBJC_IMPLICIT_RETAIN_SELF = YES;
				CLANG_WARN_OBJC_LITERAL_CONVERSION = YES;
				CLANG_WARN_OBJC_ROOT_CLASS = YES_ERROR;
				CLANG_WARN_QUOTED_INCLUDE_IN_FRAMEWORK_HEADER = YES;
				CLANG_WARN_RANGE_LOOP_ANALYSIS = YES;
				CLANG_WARN_STRICT_PROTOTYPES = YES;
				CLANG_WARN_SUSPICIOUS_MOVE = YES;
				CLANG_WARN_UNGUARDED_AVAILABILITY = YES_AGGRESSIVE;
				CLANG_WARN_UNREACHABLE_CODE = YES;
				CLANG_WARN__DUPLICATE_METHOD_MATCH = YES;
				COPY_PHASE_STRIP = NO;
				DEBUG_INFORMATION_FORMAT = "dwarf-with-dsym";
				ENABLE_NS_ASSERTIONS = NO;
				ENABLE_STRICT_OBJC_MSGSEND = YES;
				GCC_C_LANGUAGE_STANDARD = gnu11;
				GCC_NO_COMMON_BLOCKS = YES;
				GCC_WARN_64_TO_32_BIT_CONVERSION = YES;
				GCC_WARN_ABOUT_RETURN_TYPE = YES_ERROR;
				GCC_WARN_UNDECLARED_SELECTOR = YES;
				GCC_WARN_UNINITIALIZED_AUTOS = YES_AGGRESSIVE;
				GCC_WARN_UNUSED_FUNCTION = YES;
				GCC_WARN_UNUSED_VARIABLE = YES;
				MTL_ENABLE_DEBUG_INFO = NO;
				MTL_FAST_MATH = YES;
				SWIFT_COMPILATION_MODE = wholemodule;
				SWIFT_OPTIMIZATION_LEVEL = "-O";
			};
			name = Release;
		};
		32F3C36E2733F021005543AA /* Debug */ = {
			isa = XCBuildConfiguration;
			buildSettings = {
				ASSETCATALOG_COMPILER_APPICON_NAME = AppIcon;
				ASSETCATALOG_COMPILER_GLOBAL_ACCENT_COLOR_NAME = AccentColor;
				CODE_SIGN_STYLE = Automatic;
				DEVELOPMENT_TEAM = 3U72MZD6K3;
				ENABLE_PREVIEWS = YES;
				INFOPLIST_FILE = iOS/Info.plist;
				IPHONEOS_DEPLOYMENT_TARGET = 14.0;
				LD_RUNPATH_SEARCH_PATHS = (
					"$(inherited)",
					"@executable_path/Frameworks",
				);
				PRODUCT_BUNDLE_IDENTIFIER = JasamritRahala.WorkExperience;
				PRODUCT_NAME = WorkExperience;
				SDKROOT = iphoneos;
				SWIFT_VERSION = 5.0;
				TARGETED_DEVICE_FAMILY = "1,2";
			};
			name = Debug;
		};
		32F3C36F2733F021005543AA /* Release */ = {
			isa = XCBuildConfiguration;
			buildSettings = {
				ASSETCATALOG_COMPILER_APPICON_NAME = AppIcon;
				ASSETCATALOG_COMPILER_GLOBAL_ACCENT_COLOR_NAME = AccentColor;
				CODE_SIGN_STYLE = Automatic;
				DEVELOPMENT_TEAM = 3U72MZD6K3;
				ENABLE_PREVIEWS = YES;
				INFOPLIST_FILE = iOS/Info.plist;
				IPHONEOS_DEPLOYMENT_TARGET = 14.0;
				LD_RUNPATH_SEARCH_PATHS = (
					"$(inherited)",
					"@executable_path/Frameworks",
				);
				PRODUCT_BUNDLE_IDENTIFIER = JasamritRahala.WorkExperience;
				PRODUCT_NAME = WorkExperience;
				SDKROOT = iphoneos;
				SWIFT_VERSION = 5.0;
				TARGETED_DEVICE_FAMILY = "1,2";
				VALIDATE_PRODUCT = YES;
			};
			name = Release;
		};
		32F3C3712733F021005543AA /* Debug */ = {
			isa = XCBuildConfiguration;
			buildSettings = {
				ASSETCATALOG_COMPILER_APPICON_NAME = AppIcon;
				ASSETCATALOG_COMPILER_GLOBAL_ACCENT_COLOR_NAME = AccentColor;
				CODE_SIGN_ENTITLEMENTS = macOS/macOS.entitlements;
				CODE_SIGN_STYLE = Automatic;
				COMBINE_HIDPI_IMAGES = YES;
				DEVELOPMENT_TEAM = 3U72MZD6K3;
				ENABLE_HARDENED_RUNTIME = YES;
				ENABLE_PREVIEWS = YES;
				INFOPLIST_FILE = macOS/Info.plist;
				LD_RUNPATH_SEARCH_PATHS = (
					"$(inherited)",
					"@executable_path/../Frameworks",
				);
				MACOSX_DEPLOYMENT_TARGET = 11.0;
				PRODUCT_BUNDLE_IDENTIFIER = JasamritRahala.WorkExperience;
				PRODUCT_NAME = WorkExperience;
				SDKROOT = macosx;
				SWIFT_VERSION = 5.0;
			};
			name = Debug;
		};
		32F3C3722733F021005543AA /* Release */ = {
			isa = XCBuildConfiguration;
			buildSettings = {
				ASSETCATALOG_COMPILER_APPICON_NAME = AppIcon;
				ASSETCATALOG_COMPILER_GLOBAL_ACCENT_COLOR_NAME = AccentColor;
				CODE_SIGN_ENTITLEMENTS = macOS/macOS.entitlements;
				CODE_SIGN_STYLE = Automatic;
				COMBINE_HIDPI_IMAGES = YES;
				DEVELOPMENT_TEAM = 3U72MZD6K3;
				ENABLE_HARDENED_RUNTIME = YES;
				ENABLE_PREVIEWS = YES;
				INFOPLIST_FILE = macOS/Info.plist;
				LD_RUNPATH_SEARCH_PATHS = (
					"$(inherited)",
					"@executable_path/../Frameworks",
				);
				MACOSX_DEPLOYMENT_TARGET = 11.0;
				PRODUCT_BUNDLE_IDENTIFIER = JasamritRahala.WorkExperience;
				PRODUCT_NAME = WorkExperience;
				SDKROOT = macosx;
				SWIFT_VERSION = 5.0;
			};
			name = Release;
		};
/* End XCBuildConfiguration section */

/* Begin XCConfigurationList section */
		32F3C3502733F01F005543AA /* Build configuration list for PBXProject "WorkExperience" */ = {
			isa = XCConfigurationList;
			buildConfigurations = (
				32F3C36B2733F021005543AA /* Debug */,
				32F3C36C2733F021005543AA /* Release */,
			);
			defaultConfigurationIsVisible = 0;
			defaultConfigurationName = Release;
		};
		32F3C36D2733F021005543AA /* Build configuration list for PBXNativeTarget "WorkExperience (iOS)" */ = {
			isa = XCConfigurationList;
			buildConfigurations = (
				32F3C36E2733F021005543AA /* Debug */,
				32F3C36F2733F021005543AA /* Release */,
			);
			defaultConfigurationIsVisible = 0;
			defaultConfigurationName = Release;
		};
		32F3C3702733F021005543AA /* Build configuration list for PBXNativeTarget "WorkExperience (macOS)" */ = {
			isa = XCConfigurationList;
			buildConfigurations = (
				32F3C3712733F021005543AA /* Debug */,
				32F3C3722733F021005543AA /* Release */,
			);
			defaultConfigurationIsVisible = 0;
			defaultConfigurationName = Release;
		};
/* End XCConfigurationList section */

/* Begin XCRemoteSwiftPackageReference section */
		32354915274EF6410065415F /* XCRemoteSwiftPackageReference "firebase-ios-sdk" */ = {
			isa = XCRemoteSwiftPackageReference;
			repositoryURL = "https://github.com/firebase/firebase-ios-sdk.git";
			requirement = {
				kind = upToNextMajorVersion;
				minimumVersion = 8.9.1;
			};
		};
/* End XCRemoteSwiftPackageReference section */

/* Begin XCSwiftPackageProductDependency section */
		32354916274EF6410065415F /* FirebaseAppDistribution-Beta */ = {
			isa = XCSwiftPackageProductDependency;
			package = 32354915274EF6410065415F /* XCRemoteSwiftPackageReference "firebase-ios-sdk" */;
			productName = "FirebaseAppDistribution-Beta";
		};
		32354918274EF6410065415F /* FirebaseInAppMessaging-Beta */ = {
			isa = XCSwiftPackageProductDependency;
			package = 32354915274EF6410065415F /* XCRemoteSwiftPackageReference "firebase-ios-sdk" */;
			productName = "FirebaseInAppMessaging-Beta";
		};
		3235491A274EF6410065415F /* FirebaseAnalyticsSwift-Beta */ = {
			isa = XCSwiftPackageProductDependency;
			package = 32354915274EF6410065415F /* XCRemoteSwiftPackageReference "firebase-ios-sdk" */;
			productName = "FirebaseAnalyticsSwift-Beta";
		};
		3235491C274EF6410065415F /* FirebaseAnalyticsWithoutAdIdSupport */ = {
			isa = XCSwiftPackageProductDependency;
			package = 32354915274EF6410065415F /* XCRemoteSwiftPackageReference "firebase-ios-sdk" */;
			productName = FirebaseAnalyticsWithoutAdIdSupport;
		};
		3235491E274EF6410065415F /* FirebaseFirestore */ = {
			isa = XCSwiftPackageProductDependency;
			package = 32354915274EF6410065415F /* XCRemoteSwiftPackageReference "firebase-ios-sdk" */;
			productName = FirebaseFirestore;
		};
		32354920274EF6410065415F /* FirebaseAuthCombine-Community */ = {
			isa = XCSwiftPackageProductDependency;
			package = 32354915274EF6410065415F /* XCRemoteSwiftPackageReference "firebase-ios-sdk" */;
			productName = "FirebaseAuthCombine-Community";
		};
		32354922274EF6410065415F /* FirebaseInstallations */ = {
			isa = XCSwiftPackageProductDependency;
			package = 32354915274EF6410065415F /* XCRemoteSwiftPackageReference "firebase-ios-sdk" */;
			productName = FirebaseInstallations;
		};
		32354924274EF6410065415F /* FirebaseFunctionsCombine-Community */ = {
			isa = XCSwiftPackageProductDependency;
			package = 32354915274EF6410065415F /* XCRemoteSwiftPackageReference "firebase-ios-sdk" */;
			productName = "FirebaseFunctionsCombine-Community";
		};
		32354926274EF6410065415F /* FirebaseFirestoreSwift-Beta */ = {
			isa = XCSwiftPackageProductDependency;
			package = 32354915274EF6410065415F /* XCRemoteSwiftPackageReference "firebase-ios-sdk" */;
			productName = "FirebaseFirestoreSwift-Beta";
		};
		32354928274EF6410065415F /* FirebaseAnalytics */ = {
			isa = XCSwiftPackageProductDependency;
			package = 32354915274EF6410065415F /* XCRemoteSwiftPackageReference "firebase-ios-sdk" */;
			productName = FirebaseAnalytics;
		};
		3235492A274EF6410065415F /* FirebaseDatabase */ = {
			isa = XCSwiftPackageProductDependency;
			package = 32354915274EF6410065415F /* XCRemoteSwiftPackageReference "firebase-ios-sdk" */;
			productName = FirebaseDatabase;
		};
		3235492C274EF6410065415F /* FirebasePerformance */ = {
			isa = XCSwiftPackageProductDependency;
			package = 32354915274EF6410065415F /* XCRemoteSwiftPackageReference "firebase-ios-sdk" */;
			productName = FirebasePerformance;
		};
		3235492E274EF6410065415F /* FirebaseRemoteConfig */ = {
			isa = XCSwiftPackageProductDependency;
			package = 32354915274EF6410065415F /* XCRemoteSwiftPackageReference "firebase-ios-sdk" */;
			productName = FirebaseRemoteConfig;
		};
		32354930274EF6410065415F /* FirebaseAppCheck */ = {
			isa = XCSwiftPackageProductDependency;
			package = 32354915274EF6410065415F /* XCRemoteSwiftPackageReference "firebase-ios-sdk" */;
			productName = FirebaseAppCheck;
		};
		32354932274EF6410065415F /* FirebaseStorageCombine-Community */ = {
			isa = XCSwiftPackageProductDependency;
			package = 32354915274EF6410065415F /* XCRemoteSwiftPackageReference "firebase-ios-sdk" */;
			productName = "FirebaseStorageCombine-Community";
		};
		32354934274EF6410065415F /* FirebaseAuth */ = {
			isa = XCSwiftPackageProductDependency;
			package = 32354915274EF6410065415F /* XCRemoteSwiftPackageReference "firebase-ios-sdk" */;
			productName = FirebaseAuth;
		};
		32354936274EF6410065415F /* FirebaseInAppMessagingSwift-Beta */ = {
			isa = XCSwiftPackageProductDependency;
			package = 32354915274EF6410065415F /* XCRemoteSwiftPackageReference "firebase-ios-sdk" */;
			productName = "FirebaseInAppMessagingSwift-Beta";
		};
		32354938274EF6410065415F /* FirebaseDatabaseSwift-Beta */ = {
			isa = XCSwiftPackageProductDependency;
			package = 32354915274EF6410065415F /* XCRemoteSwiftPackageReference "firebase-ios-sdk" */;
			productName = "FirebaseDatabaseSwift-Beta";
		};
		3235493A274EF6410065415F /* FirebaseStorageSwift-Beta */ = {
			isa = XCSwiftPackageProductDependency;
			package = 32354915274EF6410065415F /* XCRemoteSwiftPackageReference "firebase-ios-sdk" */;
			productName = "FirebaseStorageSwift-Beta";
		};
		3235493C274EF6410065415F /* FirebaseMLModelDownloader */ = {
			isa = XCSwiftPackageProductDependency;
			package = 32354915274EF6410065415F /* XCRemoteSwiftPackageReference "firebase-ios-sdk" */;
			productName = FirebaseMLModelDownloader;
		};
		3235493E274EF6410065415F /* FirebaseCrashlytics */ = {
			isa = XCSwiftPackageProductDependency;
			package = 32354915274EF6410065415F /* XCRemoteSwiftPackageReference "firebase-ios-sdk" */;
			productName = FirebaseCrashlytics;
		};
		32354940274EF6410065415F /* FirebaseMessaging */ = {
			isa = XCSwiftPackageProductDependency;
			package = 32354915274EF6410065415F /* XCRemoteSwiftPackageReference "firebase-ios-sdk" */;
			productName = FirebaseMessaging;
		};
		32354942274EF6410065415F /* FirebaseStorage */ = {
			isa = XCSwiftPackageProductDependency;
			package = 32354915274EF6410065415F /* XCRemoteSwiftPackageReference "firebase-ios-sdk" */;
			productName = FirebaseStorage;
		};
		32354944274EF6410065415F /* FirebaseDynamicLinks */ = {
			isa = XCSwiftPackageProductDependency;
			package = 32354915274EF6410065415F /* XCRemoteSwiftPackageReference "firebase-ios-sdk" */;
			productName = FirebaseDynamicLinks;
		};
		32354946274EF6410065415F /* FirebaseFunctions */ = {
			isa = XCSwiftPackageProductDependency;
			package = 32354915274EF6410065415F /* XCRemoteSwiftPackageReference "firebase-ios-sdk" */;
			productName = FirebaseFunctions;
		};
		32354948274EF6410065415F /* FirebaseFirestoreCombine-Community */ = {
			isa = XCSwiftPackageProductDependency;
			package = 32354915274EF6410065415F /* XCRemoteSwiftPackageReference "firebase-ios-sdk" */;
			productName = "FirebaseFirestoreCombine-Community";
		};
/* End XCSwiftPackageProductDependency section */
	};
	rootObject = 32F3C34D2733F01F005543AA /* Project object */;
}
